
Microsoft Visual Studio Solution File, Format Version 12.00
# Visual Studio Version 16
VisualStudioVersion = 16.0.30523.141
MinimumVisualStudioVersion = 10.0.40219.1
Project("{9A19103F-16F7-4668-BE54-9A1E7A4F7556}") = "Engine", "Engine\Engine.csproj", "{9197E8B3-AA9C-461C-96A6-62C0A889BA67}"
EndProject
Project("{9A19103F-16F7-4668-BE54-9A1E7A4F7556}") = "EngineTest", "EngineTest\EngineTest.csproj", "{306AB136-B17C-4DFB-B079-BFF382FC211D}"
EndProject
Global
	GlobalSection(SolutionConfigurationPlatforms) = preSolution
		Debug|Any CPU = Debug|Any CPU
		Release|Any CPU = Release|Any CPU
	EndGlobalSection
	GlobalSection(ProjectConfigurationPlatforms) = postSolution
		{9197E8B3-AA9C-461C-96A6-62C0A889BA67}.Debug|Any CPU.ActiveCfg = Debug|Any CPU
		{9197E8B3-AA9C-461C-96A6-62C0A889BA67}.Debug|Any CPU.Build.0 = Debug|Any CPU
		{9197E8B3-AA9C-461C-96A6-62C0A889BA67}.Release|Any CPU.ActiveCfg = Release|Any CPU
		{9197E8B3-AA9C-461C-96A6-62C0A889BA67}.Release|Any CPU.Build.0 = Release|Any CPU
		{306AB136-B17C-4DFB-B079-BFF382FC211D}.Debug|Any CPU.ActiveCfg = Debug|Any CPU
		{306AB136-B17C-4DFB-B079-BFF382FC211D}.Debug|Any CPU.Build.0 = Debug|Any CPU
		{306AB136-B17C-4DFB-B079-BFF382FC211D}.Release|Any CPU.ActiveCfg = Release|Any CPU
		{306AB136-B17C-4DFB-B079-BFF382FC211D}.Release|Any CPU.Build.0 = Release|Any CPU
	EndGlobalSection
	GlobalSection(SolutionProperties) = preSolution
		HideSolutionNode = FALSE
	EndGlobalSection
	GlobalSection(ExtensibilityGlobals) = postSolution
		SolutionGuid = {AB079B84-C5FF-446C-A365-AA65AF7CBD93}
	EndGlobalSection
EndGlobal
